<?xml version="1.0" encoding="utf-8"?>
<Project ToolsVersion="4.0" xmlns="http://schemas.microsoft.com/developer/msbuild/2003">
  <ItemGroup>
    <Filter Include="win32">
      <UniqueIdentifier>{84a8ebd7-7cf0-47f6-b75e-d441df67da40}</UniqueIdentifier>
    </Filter>
    <Filter Include="resource">
      <UniqueIdentifier>{715254bc-d70b-4ec5-bf29-467dd3ace079}</UniqueIdentifier>
    </Filter>
    <Filter Include="src">
      <UniqueIdentifier>{bb6c862e-70e9-49d9-81b7-3829a6f50471}</UniqueIdentifier>
    </Filter>
    <Filter Include="src\Base">
      <UniqueIdentifier>{1f3c67a6-087b-462c-891d-51d0529b7402}</UniqueIdentifier>
    </Filter>
    <Filter Include="src\GameObject">
      <UniqueIdentifier>{961f4502-fa4f-407c-855a-e8bd08bbc8bb}</UniqueIdentifier>
    </Filter>
    <Filter Include="src\Scene">
      <UniqueIdentifier>{833a5eaa-7927-4c17-9c73-9bd370620855}</UniqueIdentifier>
    </Filter>
    <Filter Include="src\Shared">
      <UniqueIdentifier>{62af535a-f641-495e-811b-98d9879c2aac}</UniqueIdentifier>
    </Filter>
  </ItemGroup>
  <ItemGroup>
    <ClCompile Include="main.cpp">
      <Filter>win32</Filter>
    </ClCompile>
    <ClCompile Include="..\Classes\AppDelegate.cpp">
      <Filter>src</Filter>
    </ClCompile>
    <ClCompile Include="..\Classes\Scene\HelloWorldScene.cpp">
      <Filter>src\Scene</Filter>
    </ClCompile>
    <ClCompile Include="..\Classes\GameObject\Player.cpp">
      <Filter>src\GameObject</Filter>
    </ClCompile>
    <ClCompile Include="..\Classes\Base\GameObject.cpp">
      <Filter>src\Base</Filter>
    </ClCompile>
    <ClCompile Include="..\Classes\Base\SpriteManager.cpp">
      <Filter>src\Base</Filter>
    </ClCompile>
    <ClCompile Include="..\Classes\GameObject\Tank.cpp">
      <Filter>src\GameObject</Filter>
    </ClCompile>
    <ClCompile Include="..\Classes\Base\ServerConnector.cpp">
      <Filter>src\Base</Filter>
    </ClCompile>
    <ClCompile Include="..\Classes\GameObject\Bullet.cpp">
      <Filter>src\GameObject</Filter>
    </ClCompile>
    <ClCompile Include="..\Classes\GameObject\Explosion.cpp">
      <Filter>src\GameObject</Filter>
    </ClCompile>
    <ClCompile Include="..\..\Server\Classes\Shared\Buffer.cpp">
      <Filter>src\Shared</Filter>
    </ClCompile>
    <ClCompile Include="..\..\Server\Classes\Shared\DataQueue.cpp">
      <Filter>src\Shared</Filter>
    </ClCompile>
    <ClCompile Include="..\..\Server\Classes\Shared\ConverterFactory.cpp">
      <Filter>src\Shared</Filter>
    </ClCompile>
    <ClCompile Include="..\..\Server\Classes\Shared\DataHandler.cpp">
      <Filter>src\Shared</Filter>
    </ClCompile>
    <ClCompile Include="..\Classes\Base\ClientConverterFactory.cpp">
      <Filter>src\Base</Filter>
    </ClCompile>
    <ClCompile Include="..\..\Server\Classes\Shared\DataPacket.cpp">
      <Filter>src\Shared</Filter>
    </ClCompile>
    <ClCompile Include="..\Classes\GameObject\Wall.cpp">
      <Filter>src\GameObject</Filter>
    </ClCompile>
  </ItemGroup>
  <ItemGroup>
    <ClInclude Include="main.h">
      <Filter>win32</Filter>
    </ClInclude>
    <ClInclude Include="..\Classes\AppDelegate.h">
      <Filter>src</Filter>
    </ClInclude>
    <ClInclude Include="..\Classes\Scene\HelloWorldScene.h">
      <Filter>src\Scene</Filter>
    </ClInclude>
    <ClInclude Include="..\Classes\GameObject\Player.h">
      <Filter>src\GameObject</Filter>
    </ClInclude>
    <ClInclude Include="..\Classes\Base\Definitions.h">
      <Filter>src\Base</Filter>
    </ClInclude>
    <ClInclude Include="..\Classes\Base\GameObject.h">
      <Filter>src\Base</Filter>
    </ClInclude>
    <ClInclude Include="..\Classes\Base\SpriteManager.h">
      <Filter>src\Base</Filter>
    </ClInclude>
    <ClInclude Include="..\Classes\GameObject\Tank.h">
      <Filter>src\GameObject</Filter>
    </ClInclude>
    <ClInclude Include="..\Classes\Base\ServerConnector.h">
      <Filter>src\Base</Filter>
    </ClInclude>
    <ClInclude Include="..\Classes\GameObject\Bullet.h">
      <Filter>src\GameObject</Filter>
    </ClInclude>
    <ClInclude Include="..\Classes\GameObject\Explosion.h">
      <Filter>src\GameObject</Filter>
    </ClInclude>
    <ClInclude Include="..\..\Server\Classes\Shared\Buffer.h">
      <Filter>src\Shared</Filter>
    </ClInclude>
    <ClInclude Include="..\..\Server\Classes\Shared\DataQueue.h">
      <Filter>src\Shared</Filter>
    </ClInclude>
    <ClInclude Include="..\..\Server\Classes\Shared\SharedDefinitions.h">
      <Filter>src\Shared</Filter>
    </ClInclude>
    <ClInclude Include="..\..\Server\Classes\Shared\Serializable.h">
      <Filter>src\Shared</Filter>
    </ClInclude>
    <ClInclude Include="..\..\Server\Classes\Shared\ConverterFactory.h">
      <Filter>src\Shared</Filter>
    </ClInclude>
    <ClInclude Include="..\..\Server\Classes\Shared\DataHandler.h">
      <Filter>src\Shared</Filter>
    </ClInclude>
    <ClInclude Include="..\Classes\Base\ClientConverterFactory.h">
      <Filter>src\Base</Filter>
    </ClInclude>
    <ClInclude Include="..\..\Server\Classes\Shared\DataPacket.h">
      <Filter>src\Shared</Filter>
    </ClInclude>
    <ClInclude Include="..\Classes\GameObject\Wall.h">
      <Filter>src\GameObject</Filter>
    </ClInclude>
  </ItemGroup>
  <ItemGroup>
    <ResourceCompile Include="game.rc">
      <Filter>resource</Filter>
    </ResourceCompile>
  </ItemGroup>
</Project>